{
  "name": "shallowsid-bpm",
  "lockfileVersion": 3,
  "requires": true,
  "packages": {
    "": {
      "name": "shallowsid-bpm",
      "dependencies": {
        "libsidplayfp-wasm": "1.0.1"
      }
    },
    "node_modules/libsidplayfp-wasm": {
      "version": "1.0.1",
      "resolved": "https://registry.npmjs.org/libsidplayfp-wasm/-/libsidplayfp-wasm-1.0.1.tgz",
      "integrity": "sha512-uOFxkjxVJdBhMSOzxHCj9PDCtDe69adr9GTDSpFUixzRo5+Jo6FMjEAWyDsZzENwnxaidQpFKxCbtUrGpU0BJw==",
      "license": "GPL-2.0-or-later",
      "engines": {
        "node": ">=20"
      }
    }
  }
}
